# THIS IS AN AUTOGENERATED FILE. DO NOT EDIT THIS FILE DIRECTLY.
# yarn lockfile v1


"@adraffy/ens-normalize@1.10.0":
  version "1.10.0"
  resolved "https://registry.npmjs.org/@adraffy/ens-normalize/-/ens-normalize-1.10.0.tgz"
  integrity sha512-nA9XHtlAkYfJxY7bce8DcN7eKxWWCWkU+1GR9d+U6MbNpfwQp8TI7vqOsBsMcHoT4mBu2kypKoSKnghEzOOq5Q==

"@fleekxyz/sdk@^0.7.3":
  version "0.7.3"
  resolved "https://registry.npmjs.org/@fleekxyz/sdk/-/sdk-0.7.3.tgz"
  integrity sha512-iYaKOltqXLKBbg0HRlnQrPIlnzgesSz4PwWFOErE/Ygu+D93WN7owxvjgyK5JbsylLp4wDpgdsFVCM0Ql0/bAg==

"@next/env@14.2.10":
  version "14.2.10"
  resolved "https://registry.yarnpkg.com/@next/env/-/env-14.2.10.tgz#1d3178340028ced2d679f84140877db4f420333c"
  integrity sha512-dZIu93Bf5LUtluBXIv4woQw2cZVZ2DJTjax5/5DOs3lzEOeKLy7GxRSr4caK9/SCPdaW6bCgpye6+n4Dh9oJPw==

"@next/swc-darwin-arm64@14.2.10":
  version "14.2.10"
  resolved "https://registry.yarnpkg.com/@next/swc-darwin-arm64/-/swc-darwin-arm64-14.2.10.tgz#49d10ca4086fbd59ee68e204f75d7136eda2aa80"
  integrity sha512-V3z10NV+cvMAfxQUMhKgfQnPbjw+Ew3cnr64b0lr8MDiBJs3eLnM6RpGC46nhfMZsiXgQngCJKWGTC/yDcgrDQ==

"@next/swc-darwin-x64@14.2.10":
  version "14.2.10"
  resolved "https://registry.yarnpkg.com/@next/swc-darwin-x64/-/swc-darwin-x64-14.2.10.tgz#0ebeae3afb8eac433882b79543295ab83624a1a8"
  integrity sha512-Y0TC+FXbFUQ2MQgimJ/7Ina2mXIKhE7F+GUe1SgnzRmwFY3hX2z8nyVCxE82I2RicspdkZnSWMn4oTjIKz4uzA==

"@next/swc-linux-arm64-gnu@14.2.10":
  version "14.2.10"
  resolved "https://registry.yarnpkg.com/@next/swc-linux-arm64-gnu/-/swc-linux-arm64-gnu-14.2.10.tgz#7e602916d2fb55a3c532f74bed926a0137c16f20"
  integrity sha512-ZfQ7yOy5zyskSj9rFpa0Yd7gkrBnJTkYVSya95hX3zeBG9E55Z6OTNPn1j2BTFWvOVVj65C3T+qsjOyVI9DQpA==

"@next/swc-linux-arm64-musl@14.2.10":
  version "14.2.10"
  resolved "https://registry.yarnpkg.com/@next/swc-linux-arm64-musl/-/swc-linux-arm64-musl-14.2.10.tgz#6b143f628ccee490b527562e934f8de578d4be47"
  integrity sha512-n2i5o3y2jpBfXFRxDREr342BGIQCJbdAUi/K4q6Env3aSx8erM9VuKXHw5KNROK9ejFSPf0LhoSkU/ZiNdacpQ==

"@next/swc-linux-x64-gnu@14.2.10":
  version "14.2.10"
  resolved "https://registry.yarnpkg.com/@next/swc-linux-x64-gnu/-/swc-linux-x64-gnu-14.2.10.tgz#086f2f16a0678890a1eb46518c4dda381b046082"
  integrity sha512-GXvajAWh2woTT0GKEDlkVhFNxhJS/XdDmrVHrPOA83pLzlGPQnixqxD8u3bBB9oATBKB//5e4vpACnx5Vaxdqg==

"@next/swc-linux-x64-musl@14.2.10":
  version "14.2.10"
  resolved "https://registry.yarnpkg.com/@next/swc-linux-x64-musl/-/swc-linux-x64-musl-14.2.10.tgz#1befef10ed8dbcc5047b5d637a25ae3c30a0bfc3"
  integrity sha512-opFFN5B0SnO+HTz4Wq4HaylXGFV+iHrVxd3YvREUX9K+xfc4ePbRrxqOuPOFjtSuiVouwe6uLeDtabjEIbkmDA==

"@next/swc-win32-arm64-msvc@14.2.10":
  version "14.2.10"
  resolved "https://registry.yarnpkg.com/@next/swc-win32-arm64-msvc/-/swc-win32-arm64-msvc-14.2.10.tgz#731f52c3ae3c56a26cf21d474b11ae1529531209"
  integrity sha512-9NUzZuR8WiXTvv+EiU/MXdcQ1XUvFixbLIMNQiVHuzs7ZIFrJDLJDaOF1KaqttoTujpcxljM/RNAOmw1GhPPQQ==

"@next/swc-win32-ia32-msvc@14.2.10":
  version "14.2.10"
  resolved "https://registry.yarnpkg.com/@next/swc-win32-ia32-msvc/-/swc-win32-ia32-msvc-14.2.10.tgz#32723ef7f04e25be12af357cc72ddfdd42fd1041"
  integrity sha512-fr3aEbSd1GeW3YUMBkWAu4hcdjZ6g4NBl1uku4gAn661tcxd1bHs1THWYzdsbTRLcCKLjrDZlNp6j2HTfrw+Bg==

"@next/swc-win32-x64-msvc@14.2.10":
  version "14.2.10"
  resolved "https://registry.yarnpkg.com/@next/swc-win32-x64-msvc/-/swc-win32-x64-msvc-14.2.10.tgz#ee1d036cb5ec871816f96baee7991035bb242455"
  integrity sha512-UjeVoRGKNL2zfbcQ6fscmgjBAS/inHBh63mjIlfPg/NG8Yn2ztqylXt5qilYb6hoHIwaU2ogHknHWWmahJjgZQ==

"@noble/curves@1.2.0":
  version "1.2.0"
  resolved "https://registry.npmjs.org/@noble/curves/-/curves-1.2.0.tgz"
  integrity sha512-oYclrNgRaM9SsBUBVbb8M6DTV7ZHRTKugureoYEncY5c65HOmRzvSiTE3y5CYaPYJA/GVkrhXEoF0M3Ya9PMnw==
  dependencies:
    "@noble/hashes" "1.3.2"

"@noble/hashes@1.3.2":
  version "1.3.2"
  resolved "https://registry.npmjs.org/@noble/hashes/-/hashes-1.3.2.tgz"
  integrity sha512-MVC8EAQp7MvEcm30KWENFjgR+Mkmf+D189XJTkFIlwohU5hcBbn1ZkKq7KVTi2Hme3PMGF390DaL52beVrIihQ==

"@swc/counter@^0.1.3":
  version "0.1.3"
  resolved "https://registry.yarnpkg.com/@swc/counter/-/counter-0.1.3.tgz#cc7463bd02949611c6329596fccd2b0ec782b0e9"
  integrity sha512-e2BR4lsJkkRlKZ/qCHPw9ZaSxc0MVUd7gtbtaB7aMvHeJVYe8sOB8DBZkP2DtISHGSku9sCK6T6cnY0CtXrOCQ==

"@swc/helpers@0.5.5":
  version "0.5.5"
  resolved "https://registry.yarnpkg.com/@swc/helpers/-/helpers-0.5.5.tgz#12689df71bfc9b21c4f4ca00ae55f2f16c8b77c0"
  integrity sha512-KGYxvIOXcceOAbEk4bi/dVLEK9z8sZ0uBB3Il5b1rhfClSpcX0yfRO0KmTkqR2cnQDymwLB+25ZyMzICg/cm/A==
  dependencies:
    "@swc/counter" "^0.1.3"
    tslib "^2.4.0"

"@types/node@18.15.13":
  version "18.15.13"
  resolved "https://registry.npmjs.org/@types/node/-/node-18.15.13.tgz"
  integrity sha512-N+0kuo9KgrUQ1Sn/ifDXsvg0TTleP7rIy4zOBGECxAljqvqfqpTfzx0Q1NUedOixRMBfe2Whhb056a42cWs26Q==

aes-js@4.0.0-beta.5:
  version "4.0.0-beta.5"
  resolved "https://registry.npmjs.org/aes-js/-/aes-js-4.0.0-beta.5.tgz"
  integrity sha512-G965FqalsNyrPqgEGON7nIx1e/OVENSgiEIzyC63haUMuvNnwIgIjMs52hlTCKhkBny7A2ORNlfY9Zu+jmGk1Q==

at-least-node@^1.0.0:
  version "1.0.0"
  resolved "https://registry.npmjs.org/at-least-node/-/at-least-node-1.0.0.tgz"
  integrity sha512-+q/t7Ekv1EDY2l6Gda6LLiX14rU9TV20Wa3ofeQmwPFZbOMo9DXrLbOjFaaclkXKWidIaopwAObQDqwWtGUjqg==

busboy@1.6.0:
  version "1.6.0"
  resolved "https://registry.npmjs.org/busboy/-/busboy-1.6.0.tgz"
  integrity sha512-8SFQbg/0hQ9xy3UNTB0YEnsNBbWfhf7RtnzpL7TkBiTBRfrQ9Fxcnz7VJsleJpyp6rVLvXiuORqjlHi5q+PYuA==
  dependencies:
    streamsearch "^1.1.0"

caniuse-lite@^1.0.30001579:
  version "1.0.30001664"
  resolved "https://registry.yarnpkg.com/caniuse-lite/-/caniuse-lite-1.0.30001664.tgz#d588d75c9682d3301956b05a3749652a80677df4"
  integrity sha512-AmE7k4dXiNKQipgn7a2xg558IRqPN3jMQY/rOsbxDhrd0tyChwbITBfiwtnqz8bi2M5mIWbxAYBvk7W7QBUS2g==

client-only@0.0.1:
  version "0.0.1"
  resolved "https://registry.npmjs.org/client-only/-/client-only-0.0.1.tgz"
  integrity sha512-IV3Ou0jSMzZrd3pZ48nLkT9DA7Ag1pnPzaiQhpW7c3RbcqqzvzzVu+L8gfqMp/8IM2MQtSiqaCxrrcfu8I8rMA==

ethers@^6.0.8:
  version "6.8.0"
  resolved "https://registry.npmjs.org/ethers/-/ethers-6.8.0.tgz"
  integrity sha512-zrFbmQRlraM+cU5mE4CZTLBurZTs2gdp2ld0nG/f3ecBK+x6lZ69KSxBqZ4NjclxwfTxl5LeNufcBbMsTdY53Q==
  dependencies:
    "@adraffy/ens-normalize" "1.10.0"
    "@noble/curves" "1.2.0"
    "@noble/hashes" "1.3.2"
    "@types/node" "18.15.13"
    aes-js "4.0.0-beta.5"
    tslib "2.4.0"
    ws "8.5.0"

fs-extra@^9.1.0:
  version "9.1.0"
  resolved "https://registry.npmjs.org/fs-extra/-/fs-extra-9.1.0.tgz"
  integrity sha512-hcg3ZmepS30/7BSFqRvoo3DOMQu7IjqxO5nCDt+zM9XWjb33Wg7ziNT+Qvqbuc3+gWpzO02JubVyk2G4Zvo1OQ==
  dependencies:
    at-least-node "^1.0.0"
    graceful-fs "^4.2.0"
    jsonfile "^6.0.1"
    universalify "^2.0.0"

graceful-fs@^4.1.6, graceful-fs@^4.2.0, graceful-fs@^4.2.11:
  version "4.2.11"
  resolved "https://registry.npmjs.org/graceful-fs/-/graceful-fs-4.2.11.tgz"
  integrity sha512-RbJ5/jmFcNNCcDV5o9eTnBLJ/HszWV0P73bc+Ff4nS/rJj+YaS6IGyiOL0VoBYX+l1Wrl3k63h/KrH+nhJ0XvQ==

inherits@^2.0.3:
  version "2.0.4"
  resolved "https://registry.npmjs.org/inherits/-/inherits-2.0.4.tgz"
  integrity sha512-k/vGaX4/Yla3WzyMCvTQOXYeIHvqOKtnqBduzTHpzpQZzAskKMhZ2K+EnBiSM9zGSoIFeMpXKxa4dYeZIQqewQ==

jsonfile@^6.0.1:
  version "6.1.0"
  resolved "https://registry.npmjs.org/jsonfile/-/jsonfile-6.1.0.tgz"
  integrity sha512-5dgndWOriYSm5cnYaJNhalLNDKOqFwyDB/rr1E9ZsGciGvKPs8R2xYGCacuf3z6K1YKDz182fd+fY3cn3pMqXQ==
  dependencies:
    universalify "^2.0.0"
  optionalDependencies:
    graceful-fs "^4.1.6"

keccak@^3.0.4:
  version "3.0.4"
  resolved "https://registry.npmjs.org/keccak/-/keccak-3.0.4.tgz"
  integrity sha512-3vKuW0jV8J3XNTzvfyicFR5qvxrSAGl7KIhvgOu5cmWwM7tZRj3fMbj/pfIf4be7aznbc+prBWGjywox/g2Y6Q==
  dependencies:
    node-addon-api "^2.0.0"
    node-gyp-build "^4.2.0"
    readable-stream "^3.6.0"

nanoid@^3.3.6:
  version "3.3.7"
  resolved "https://registry.npmjs.org/nanoid/-/nanoid-3.3.7.tgz"
  integrity sha512-eSRppjcPIatRIMC1U6UngP8XFcz8MQWGQdt1MTBQ7NaAmvXDfvNxbvWV3x2y6CdEUciCSsDHDQZbhYaB8QEo2g==

next@^14.2.10:
  version "14.2.10"
  resolved "https://registry.yarnpkg.com/next/-/next-14.2.10.tgz#331981a4fecb1ae8af1817d4db98fc9687ee1cb6"
  integrity sha512-sDDExXnh33cY3RkS9JuFEKaS4HmlWmDKP1VJioucCG6z5KuA008DPsDZOzi8UfqEk3Ii+2NCQSJrfbEWtZZfww==
  dependencies:
    "@next/env" "14.2.10"
    "@swc/helpers" "0.5.5"
    busboy "1.6.0"
    caniuse-lite "^1.0.30001579"
    graceful-fs "^4.2.11"
    postcss "8.4.31"
    styled-jsx "5.1.1"
  optionalDependencies:
    "@next/swc-darwin-arm64" "14.2.10"
    "@next/swc-darwin-x64" "14.2.10"
    "@next/swc-linux-arm64-gnu" "14.2.10"
    "@next/swc-linux-arm64-musl" "14.2.10"
    "@next/swc-linux-x64-gnu" "14.2.10"
    "@next/swc-linux-x64-musl" "14.2.10"
    "@next/swc-win32-arm64-msvc" "14.2.10"
    "@next/swc-win32-ia32-msvc" "14.2.10"
    "@next/swc-win32-x64-msvc" "14.2.10"

node-addon-api@^2.0.0:
  version "2.0.2"
  resolved "https://registry.npmjs.org/node-addon-api/-/node-addon-api-2.0.2.tgz"
  integrity sha512-Ntyt4AIXyaLIuMHF6IOoTakB3K+RWxwtsHNRxllEoA6vPwP9o4866g6YWDLUdnucilZhmkxiHwHr11gAENw+QA==

node-gyp-build@^4.2.0:
  version "4.6.1"
  resolved "https://registry.npmjs.org/node-gyp-build/-/node-gyp-build-4.6.1.tgz"
  integrity sha512-24vnklJmyRS8ViBNI8KbtK/r/DmXQMRiOMXTNz2nrTnAYUwjmEEbnnpB/+kt+yWRv73bPsSPRFddrcIbAxSiMQ==

picocolors@^1.0.0:
  version "1.0.0"
  resolved "https://registry.npmjs.org/picocolors/-/picocolors-1.0.0.tgz"
  integrity sha512-1fygroTLlHu66zi26VoTDv8yRgm0Fccecssto+MhsZ0D/DGW2sm8E8AjW7NU5VVTRt5GxbeZ5qBuJr+HyLYkjQ==

postcss@8.4.31:
  version "8.4.31"
  resolved "https://registry.npmjs.org/postcss/-/postcss-8.4.31.tgz"
  integrity sha512-PS08Iboia9mts/2ygV3eLpY5ghnUcfLV/EXTOW1E2qYxJKGGBUtNjN76FYHnMs36RmARn41bC0AZmn+rR0OVpQ==
  dependencies:
    nanoid "^3.3.6"
    picocolors "^1.0.0"
    source-map-js "^1.0.2"

prettier@3.0.3:
  version "3.0.3"
  resolved "https://registry.npmjs.org/prettier/-/prettier-3.0.3.tgz"
  integrity sha512-L/4pUDMxcNa8R/EthV08Zt42WBO4h1rarVtK0K+QJG0X187OLo7l699jWw0GKuwzkPQ//jMFA/8Xm6Fh3J/DAg==

readable-stream@^3.6.0:
  version "3.6.2"
  resolved "https://registry.npmjs.org/readable-stream/-/readable-stream-3.6.2.tgz"
  integrity sha512-9u/sniCrY3D5WdsERHzHE4G2YCXqoG5FTHUiCC4SIbr6XcLZBY05ya9EKjYek9O5xOAwjGq+1JdGBAS7Q9ScoA==
  dependencies:
    inherits "^2.0.3"
    string_decoder "^1.1.1"
    util-deprecate "^1.0.1"

safe-buffer@~5.2.0:
  version "5.2.1"
  resolved "https://registry.npmjs.org/safe-buffer/-/safe-buffer-5.2.1.tgz"
  integrity sha512-rp3So07KcdmmKbGvgaNxQSJr7bGVSVk5S9Eq1F+ppbRo70+YeaDxkw5Dd8NPN+GD6bjnYm2VuPuCXmpuYvmCXQ==

source-map-js@^1.0.2:
  version "1.0.2"
  resolved "https://registry.npmjs.org/source-map-js/-/source-map-js-1.0.2.tgz"
  integrity sha512-R0XvVJ9WusLiqTCEiGCmICCMplcCkIwwR11mOSD9CR5u+IXYdiseeEuXCVAjS54zqwkLcPNnmU4OeJ6tUrWhDw==

streamsearch@^1.1.0:
  version "1.1.0"
  resolved "https://registry.npmjs.org/streamsearch/-/streamsearch-1.1.0.tgz"
  integrity sha512-Mcc5wHehp9aXz1ax6bZUyY5afg9u2rv5cqQI3mRrYkGC8rW2hM02jWuwjtL++LS5qinSyhj2QfLyNsuc+VsExg==

string_decoder@^1.1.1:
  version "1.3.0"
  resolved "https://registry.npmjs.org/string_decoder/-/string_decoder-1.3.0.tgz"
  integrity sha512-hkRX8U1WjJFd8LsDJ2yQ/wWWxaopEsABU1XfkM8A+j0+85JAGppt16cr1Whg6KIbb4okU6Mql6BOj+uup/wKeA==
  dependencies:
    safe-buffer "~5.2.0"

styled-jsx@5.1.1:
  version "5.1.1"
  resolved "https://registry.npmjs.org/styled-jsx/-/styled-jsx-5.1.1.tgz"
  integrity sha512-pW7uC1l4mBZ8ugbiZrcIsiIvVx1UmTfw7UkC3Um2tmfUq9Bhk8IiyEIPl6F8agHgjzku6j0xQEZbfA5uSgSaCw==
  dependencies:
    client-only "0.0.1"

styled-jsx@^5.1.2:
  version "5.1.2"
  resolved "https://registry.npmjs.org/styled-jsx/-/styled-jsx-5.1.2.tgz"
  integrity sha512-FI5r0a5ED2/+DSdG2ZRz3a4FtNQnKPLadauU5v76a9QsscwZrWggQKOmyxGGP5EWKbyY3bsuWAJYzyKaDAVAcw==
  dependencies:
    client-only "0.0.1"

tslib@2.4.0, tslib@^2.4.0:
  version "2.4.0"
  resolved "https://registry.npmjs.org/tslib/-/tslib-2.4.0.tgz"
  integrity sha512-d6xOpEDfsi2CZVlPQzGeux8XMwLT9hssAsaPYExaQMuYskwb+x1x7J371tWlbBdWHroy99KnVB6qIkUbs5X3UQ==

universalify@^2.0.0:
  version "2.0.0"
  resolved "https://registry.npmjs.org/universalify/-/universalify-2.0.0.tgz"
  integrity sha512-hAZsKq7Yy11Zu1DE0OzWjw7nnLZmJZYTDZZyEFHZdUhV8FkH5MCfoU1XMaxXovpyW5nq5scPqq0ZDP9Zyl04oQ==

util-deprecate@^1.0.1:
  version "1.0.2"
  resolved "https://registry.npmjs.org/util-deprecate/-/util-deprecate-1.0.2.tgz"
  integrity sha512-EPD5q1uXyFxJpCrLnCc1nHnq3gOa6DZBocAIiI2TaSCA7VCJ1UJDMagCzIkXNsUYfD1daK//LTEQ8xiIbrHtcw==

ws@8.5.0:
  version "8.5.0"
  resolved "https://registry.npmjs.org/ws/-/ws-8.5.0.tgz"
  integrity sha512-BWX0SWVgLPzYwF8lTzEy1egjhS4S4OEAHfsO8o65WOVsrnSRGaSiUaa9e0ggGlkMTtBlmOpEXiie9RUcBO86qg==
